
Microsoft Visual Studio Solution File, Format Version 12.00
Project("{FAE04EC0-301F-11D3-BF4B-00C04F79EFBC}") = "console", "console\console.csproj", "{7A3D35C9-7B42-4DC0-9DFB-0C74B9F4B698}"
EndProject
Project("{FAE04EC0-301F-11D3-BF4B-00C04F79EFBC}") = "test", "test\test.csproj", "{97E59C67-1D7A-4120-9231-EA25C86762B1}"
	ProjectSection(ProjectDependencies) = postProject
		{7A3D35C9-7B42-4DC0-9DFB-0C74B9F4B698} = {7A3D35C9-7B42-4DC0-9DFB-0C74B9F4B698}
	EndProjectSection
EndProject
Global
	GlobalSection(SolutionConfigurationPlatforms) = preSolution
		Debug|Any CPU = Debug|Any CPU
		Release|Any CPU = Release|Any CPU
	EndGlobalSection
	GlobalSection(ProjectConfigurationPlatforms) = postSolution
		{7A3D35C9-7B42-4DC0-9DFB-0C74B9F4B698}.Debug|Any CPU.ActiveCfg = Debug|Any CPU
		{7A3D35C9-7B42-4DC0-9DFB-0C74B9F4B698}.Debug|Any CPU.Build.0 = Debug|Any CPU
		{7A3D35C9-7B42-4DC0-9DFB-0C74B9F4B698}.Release|Any CPU.ActiveCfg = Release|Any CPU
		{7A3D35C9-7B42-4DC0-9DFB-0C74B9F4B698}.Release|Any CPU.Build.0 = Release|Any CPU
		{97E59C67-1D7A-4120-9231-EA25C86762B1}.Debug|Any CPU.ActiveCfg = Debug|Any CPU
		{97E59C67-1D7A-4120-9231-EA25C86762B1}.Debug|Any CPU.Build.0 = Debug|Any CPU
		{97E59C67-1D7A-4120-9231-EA25C86762B1}.Release|Any CPU.ActiveCfg = Release|Any CPU
		{97E59C67-1D7A-4120-9231-EA25C86762B1}.Release|Any CPU.Build.0 = Release|Any CPU
	EndGlobalSection
EndGlobal
